// !$*UTF8*$!
{
	archiveVersion = 1;
	classes = {
	};
	objectVersion = 48;
	objects = {

/* Begin PBXBuildFile section */
		8A60CBEB2050074C00C463EB /* Profile.storyboard in Resources */ = {isa = PBXBuildFile; fileRef = 8A60CBEA2050074C00C463EB /* Profile.storyboard */; };
		8A60CBED2050178700C463EB /* EventNearbyWindow.xib in Resources */ = {isa = PBXBuildFile; fileRef = 8A60CBEC2050178700C463EB /* EventNearbyWindow.xib */; };
		8A60CBEF2050182800C463EB /* EventNearbyWindow.swift in Sources */ = {isa = PBXBuildFile; fileRef = 8A60CBEE2050182800C463EB /* EventNearbyWindow.swift */; };
		8A60CBF22050214F00C463EB /* VolunteerViewCell.swift in Sources */ = {isa = PBXBuildFile; fileRef = 8A60CBF12050214F00C463EB /* VolunteerViewCell.swift */; };
		8A60CBF6205022A900C463EB /* VolunteerViewController.swift in Sources */ = {isa = PBXBuildFile; fileRef = 8A60CBF5205022A900C463EB /* VolunteerViewController.swift */; };
		8A82E7E8204FE6EC005D9BC4 /* DonateViewController.swift in Sources */ = {isa = PBXBuildFile; fileRef = 8A82E7E7204FE6EC005D9BC4 /* DonateViewController.swift */; };
		8A82E7E9204FE89D005D9BC4 /* GoogleMaps.framework in Frameworks */ = {isa = PBXBuildFile; fileRef = 8A82E7E1204FE67D005D9BC4 /* GoogleMaps.framework */; };
		8A82E7EA204FE89D005D9BC4 /* GoogleMaps.framework in Embed Frameworks */ = {isa = PBXBuildFile; fileRef = 8A82E7E1204FE67D005D9BC4 /* GoogleMaps.framework */; settings = {ATTRIBUTES = (CodeSignOnCopy, RemoveHeadersOnCopy, ); }; };
		8A82E7EB204FE89D005D9BC4 /* GoogleMapsBase.framework in Frameworks */ = {isa = PBXBuildFile; fileRef = 8A82E7E3204FE67D005D9BC4 /* GoogleMapsBase.framework */; };
		8A82E7EC204FE89D005D9BC4 /* GoogleMapsBase.framework in Embed Frameworks */ = {isa = PBXBuildFile; fileRef = 8A82E7E3204FE67D005D9BC4 /* GoogleMapsBase.framework */; settings = {ATTRIBUTES = (CodeSignOnCopy, RemoveHeadersOnCopy, ); }; };
		8A82E7ED204FE89D005D9BC4 /* GoogleMapsCore.framework in Frameworks */ = {isa = PBXBuildFile; fileRef = 8A82E7E2204FE67D005D9BC4 /* GoogleMapsCore.framework */; };
		8A82E7EE204FE89D005D9BC4 /* GoogleMapsCore.framework in Embed Frameworks */ = {isa = PBXBuildFile; fileRef = 8A82E7E2204FE67D005D9BC4 /* GoogleMapsCore.framework */; settings = {ATTRIBUTES = (CodeSignOnCopy, RemoveHeadersOnCopy, ); }; };
		8A82E7F4204FECC5005D9BC4 /* Proxima-Nova-Semibold.ttf in Resources */ = {isa = PBXBuildFile; fileRef = 8A82E7F2204FECB5005D9BC4 /* Proxima-Nova-Semibold.ttf */; };
		8A82E7F5204FECC8005D9BC4 /* Proxima-Nova-Regular.ttf in Resources */ = {isa = PBXBuildFile; fileRef = 8A82E7F3204FECB5005D9BC4 /* Proxima-Nova-Regular.ttf */; };
		8A82E7F7204FECEF005D9BC4 /* Proxima-Nova-Thin.ttf in Resources */ = {isa = PBXBuildFile; fileRef = 8A82E7F6204FECEA005D9BC4 /* Proxima-Nova-Thin.ttf */; };
		8A82E7F9204FFFC6005D9BC4 /* QuestionViewController.swift in Sources */ = {isa = PBXBuildFile; fileRef = 8A82E7F8204FFFC6005D9BC4 /* QuestionViewController.swift */; };
		8ADF632E204EC23200665800 /* AppDelegate.swift in Sources */ = {isa = PBXBuildFile; fileRef = 8ADF632D204EC23200665800 /* AppDelegate.swift */; };
		8ADF6330204EC23200665800 /* ProfileViewController.swift in Sources */ = {isa = PBXBuildFile; fileRef = 8ADF632F204EC23200665800 /* ProfileViewController.swift */; };
		8ADF6332204EC23200665800 /* NearbyViewController.swift in Sources */ = {isa = PBXBuildFile; fileRef = 8ADF6331204EC23200665800 /* NearbyViewController.swift */; };
		8ADF6335204EC23200665800 /* Main.storyboard in Resources */ = {isa = PBXBuildFile; fileRef = 8ADF6333204EC23200665800 /* Main.storyboard */; };
		8ADF6337204EC23200665800 /* Assets.xcassets in Resources */ = {isa = PBXBuildFile; fileRef = 8ADF6336204EC23200665800 /* Assets.xcassets */; };
		8ADF633A204EC23200665800 /* LaunchScreen.storyboard in Resources */ = {isa = PBXBuildFile; fileRef = 8ADF6338204EC23200665800 /* LaunchScreen.storyboard */; };
		8ADF6345204EC23200665800 /* ShelterUsersTests.swift in Sources */ = {isa = PBXBuildFile; fileRef = 8ADF6344204EC23200665800 /* ShelterUsersTests.swift */; };
		8ADF6350204EC23200665800 /* ShelterUsersUITests.swift in Sources */ = {isa = PBXBuildFile; fileRef = 8ADF634F204EC23200665800 /* ShelterUsersUITests.swift */; };
		8ADF639E204EDE0500665800 /* EntryController.swift in Sources */ = {isa = PBXBuildFile; fileRef = 8ADF639D204EDE0500665800 /* EntryController.swift */; };
		8ADF63A0204EDE5E00665800 /* TabController.swift in Sources */ = {isa = PBXBuildFile; fileRef = 8ADF639F204EDE5E00665800 /* TabController.swift */; };
		8ADF63E5204F006B00665800 /* KFMapsMarker.swift in Sources */ = {isa = PBXBuildFile; fileRef = 8ADF63E4204F006B00665800 /* KFMapsMarker.swift */; };
		8ADF63E8204F013600665800 /* NearbyInfoWindow.swift in Sources */ = {isa = PBXBuildFile; fileRef = 8ADF63E7204F013600665800 /* NearbyInfoWindow.swift */; };
		8ADF63EA204F014900665800 /* NearbyInfoWindow.xib in Resources */ = {isa = PBXBuildFile; fileRef = 8ADF63E9204F014900665800 /* NearbyInfoWindow.xib */; };
		8ADF63EE204F0DB200665800 /* Authenticated.storyboard in Resources */ = {isa = PBXBuildFile; fileRef = 8ADF63ED204F0DB200665800 /* Authenticated.storyboard */; };
		8ADF63F0204F0DC400665800 /* Donate.storyboard in Resources */ = {isa = PBXBuildFile; fileRef = 8ADF63EF204F0DC400665800 /* Donate.storyboard */; };
/* End PBXBuildFile section */

/* Begin PBXContainerItemProxy section */
		8ADF6341204EC23200665800 /* PBXContainerItemProxy */ = {
			isa = PBXContainerItemProxy;
			containerPortal = 8ADF6322204EC23100665800 /* Project object */;
			proxyType = 1;
			remoteGlobalIDString = 8ADF6329204EC23100665800;
			remoteInfo = ShelterUsers;
		};
		8ADF634C204EC23200665800 /* PBXContainerItemProxy */ = {
			isa = PBXContainerItemProxy;
			containerPortal = 8ADF6322204EC23100665800 /* Project object */;
			proxyType = 1;
			remoteGlobalIDString = 8ADF6329204EC23100665800;
			remoteInfo = ShelterUsers;
		};
/* End PBXContainerItemProxy section */

/* Begin PBXCopyFilesBuildPhase section */
		8ADF63C5204EEEB000665800 /* Embed Frameworks */ = {
			isa = PBXCopyFilesBuildPhase;
			buildActionMask = 2147483647;
			dstPath = "";
			dstSubfolderSpec = 10;
			files = (
				8A82E7EA204FE89D005D9BC4 /* GoogleMaps.framework in Embed Frameworks */,
				8A82E7EE204FE89D005D9BC4 /* GoogleMapsCore.framework in Embed Frameworks */,
				8A82E7EC204FE89D005D9BC4 /* GoogleMapsBase.framework in Embed Frameworks */,
			);
			name = "Embed Frameworks";
			runOnlyForDeploymentPostprocessing = 0;
		};
		8ADF63CB204EEFD300665800 /* Embed PlugIns */ = {
			isa = PBXCopyFilesBuildPhase;
			buildActionMask = 2147483647;
			dstPath = "";
			dstSubfolderSpec = 13;
			files = (
			);
			name = "Embed PlugIns";
			runOnlyForDeploymentPostprocessing = 0;
		};
/* End PBXCopyFilesBuildPhase section */

/* Begin PBXFileReference section */
		8A60CBEA2050074C00C463EB /* Profile.storyboard */ = {isa = PBXFileReference; lastKnownFileType = file.storyboard; path = Profile.storyboard; sourceTree = "<group>"; };
		8A60CBEC2050178700C463EB /* EventNearbyWindow.xib */ = {isa = PBXFileReference; lastKnownFileType = file.xib; path = EventNearbyWindow.xib; sourceTree = "<group>"; };
		8A60CBEE2050182800C463EB /* EventNearbyWindow.swift */ = {isa = PBXFileReference; lastKnownFileType = sourcecode.swift; path = EventNearbyWindow.swift; sourceTree = "<group>"; };
		8A60CBF12050214F00C463EB /* VolunteerViewCell.swift */ = {isa = PBXFileReference; lastKnownFileType = sourcecode.swift; path = VolunteerViewCell.swift; sourceTree = "<group>"; };
		8A60CBF5205022A900C463EB /* VolunteerViewController.swift */ = {isa = PBXFileReference; lastKnownFileType = sourcecode.swift; path = VolunteerViewController.swift; sourceTree = "<group>"; };
		8A82E7E1204FE67D005D9BC4 /* GoogleMaps.framework */ = {isa = PBXFileReference; lastKnownFileType = wrapper.framework; name = GoogleMaps.framework; path = Frameworks/GoogleMaps.framework; sourceTree = "<group>"; };
		8A82E7E2204FE67D005D9BC4 /* GoogleMapsCore.framework */ = {isa = PBXFileReference; lastKnownFileType = wrapper.framework; name = GoogleMapsCore.framework; path = Frameworks/GoogleMapsCore.framework; sourceTree = "<group>"; };
		8A82E7E3204FE67D005D9BC4 /* GoogleMapsBase.framework */ = {isa = PBXFileReference; lastKnownFileType = wrapper.framework; name = GoogleMapsBase.framework; path = Frameworks/GoogleMapsBase.framework; sourceTree = "<group>"; };
		8A82E7E7204FE6EC005D9BC4 /* DonateViewController.swift */ = {isa = PBXFileReference; lastKnownFileType = sourcecode.swift; path = DonateViewController.swift; sourceTree = "<group>"; };
		8A82E7F2204FECB5005D9BC4 /* Proxima-Nova-Semibold.ttf */ = {isa = PBXFileReference; lastKnownFileType = file; path = "Proxima-Nova-Semibold.ttf"; sourceTree = "<group>"; };
		8A82E7F3204FECB5005D9BC4 /* Proxima-Nova-Regular.ttf */ = {isa = PBXFileReference; lastKnownFileType = file; path = "Proxima-Nova-Regular.ttf"; sourceTree = "<group>"; };
		8A82E7F6204FECEA005D9BC4 /* Proxima-Nova-Thin.ttf */ = {isa = PBXFileReference; lastKnownFileType = file; path = "Proxima-Nova-Thin.ttf"; sourceTree = "<group>"; };
		8A82E7F8204FFFC6005D9BC4 /* QuestionViewController.swift */ = {isa = PBXFileReference; lastKnownFileType = sourcecode.swift; path = QuestionViewController.swift; sourceTree = "<group>"; };
		8ADF632A204EC23200665800 /* ShelterUsers.app */ = {isa = PBXFileReference; explicitFileType = wrapper.application; includeInIndex = 0; path = ShelterUsers.app; sourceTree = BUILT_PRODUCTS_DIR; };
		8ADF632D204EC23200665800 /* AppDelegate.swift */ = {isa = PBXFileReference; lastKnownFileType = sourcecode.swift; path = AppDelegate.swift; sourceTree = "<group>"; };
		8ADF632F204EC23200665800 /* ProfileViewController.swift */ = {isa = PBXFileReference; lastKnownFileType = sourcecode.swift; path = ProfileViewController.swift; sourceTree = "<group>"; };
		8ADF6331204EC23200665800 /* NearbyViewController.swift */ = {isa = PBXFileReference; lastKnownFileType = sourcecode.swift; path = NearbyViewController.swift; sourceTree = "<group>"; };
		8ADF6334204EC23200665800 /* Base */ = {isa = PBXFileReference; lastKnownFileType = file.storyboard; name = Base; path = Base.lproj/Main.storyboard; sourceTree = "<group>"; };
		8ADF6336204EC23200665800 /* Assets.xcassets */ = {isa = PBXFileReference; lastKnownFileType = folder.assetcatalog; path = Assets.xcassets; sourceTree = "<group>"; };
		8ADF6339204EC23200665800 /* Base */ = {isa = PBXFileReference; lastKnownFileType = file.storyboard; name = Base; path = Base.lproj/LaunchScreen.storyboard; sourceTree = "<group>"; };
		8ADF633B204EC23200665800 /* Info.plist */ = {isa = PBXFileReference; lastKnownFileType = text.plist.xml; path = Info.plist; sourceTree = "<group>"; };
		8ADF6340204EC23200665800 /* ShelterUsersTests.xctest */ = {isa = PBXFileReference; explicitFileType = wrapper.cfbundle; includeInIndex = 0; path = ShelterUsersTests.xctest; sourceTree = BUILT_PRODUCTS_DIR; };
		8ADF6344204EC23200665800 /* ShelterUsersTests.swift */ = {isa = PBXFileReference; lastKnownFileType = sourcecode.swift; path = ShelterUsersTests.swift; sourceTree = "<group>"; };
		8ADF6346204EC23200665800 /* Info.plist */ = {isa = PBXFileReference; lastKnownFileType = text.plist.xml; path = Info.plist; sourceTree = "<group>"; };
		8ADF634B204EC23200665800 /* ShelterUsersUITests.xctest */ = {isa = PBXFileReference; explicitFileType = wrapper.cfbundle; includeInIndex = 0; path = ShelterUsersUITests.xctest; sourceTree = BUILT_PRODUCTS_DIR; };
		8ADF634F204EC23200665800 /* ShelterUsersUITests.swift */ = {isa = PBXFileReference; lastKnownFileType = sourcecode.swift; path = ShelterUsersUITests.swift; sourceTree = "<group>"; };
		8ADF6351204EC23200665800 /* Info.plist */ = {isa = PBXFileReference; lastKnownFileType = text.plist.xml; path = Info.plist; sourceTree = "<group>"; };
		8ADF639D204EDE0500665800 /* EntryController.swift */ = {isa = PBXFileReference; lastKnownFileType = sourcecode.swift; path = EntryController.swift; sourceTree = "<group>"; };
		8ADF639F204EDE5E00665800 /* TabController.swift */ = {isa = PBXFileReference; lastKnownFileType = sourcecode.swift; path = TabController.swift; sourceTree = "<group>"; };
		8ADF63E4204F006B00665800 /* KFMapsMarker.swift */ = {isa = PBXFileReference; lastKnownFileType = sourcecode.swift; path = KFMapsMarker.swift; sourceTree = "<group>"; };
		8ADF63E7204F013600665800 /* NearbyInfoWindow.swift */ = {isa = PBXFileReference; lastKnownFileType = sourcecode.swift; path = NearbyInfoWindow.swift; sourceTree = "<group>"; };
		8ADF63E9204F014900665800 /* NearbyInfoWindow.xib */ = {isa = PBXFileReference; fileEncoding = 4; lastKnownFileType = file.xib; path = NearbyInfoWindow.xib; sourceTree = "<group>"; };
		8ADF63ED204F0DB200665800 /* Authenticated.storyboard */ = {isa = PBXFileReference; lastKnownFileType = file.storyboard; path = Authenticated.storyboard; sourceTree = "<group>"; };
		8ADF63EF204F0DC400665800 /* Donate.storyboard */ = {isa = PBXFileReference; lastKnownFileType = file.storyboard; path = Donate.storyboard; sourceTree = "<group>"; };
/* End PBXFileReference section */

/* Begin PBXFrameworksBuildPhase section */
		8ADF6327204EC23100665800 /* Frameworks */ = {
			isa = PBXFrameworksBuildPhase;
			buildActionMask = 2147483647;
			files = (
				8A82E7E9204FE89D005D9BC4 /* GoogleMaps.framework in Frameworks */,
				8A82E7ED204FE89D005D9BC4 /* GoogleMapsCore.framework in Frameworks */,
				8A82E7EB204FE89D005D9BC4 /* GoogleMapsBase.framework in Frameworks */,
			);
			runOnlyForDeploymentPostprocessing = 0;
		};
		8ADF633D204EC23200665800 /* Frameworks */ = {
			isa = PBXFrameworksBuildPhase;
			buildActionMask = 2147483647;
			files = (
			);
			runOnlyForDeploymentPostprocessing = 0;
		};
		8ADF6348204EC23200665800 /* Frameworks */ = {
			isa = PBXFrameworksBuildPhase;
			buildActionMask = 2147483647;
			files = (
			);
			runOnlyForDeploymentPostprocessing = 0;
		};
/* End PBXFrameworksBuildPhase section */

/* Begin PBXGroup section */
		8A60CBF02050213700C463EB /* Volunteer */ = {
			isa = PBXGroup;
			children = (
				8A60CBF12050214F00C463EB /* VolunteerViewCell.swift */,
				8A60CBF5205022A900C463EB /* VolunteerViewController.swift */,
			);
			path = Volunteer;
			sourceTree = "<group>";
		};
		8A82E7E0204FE67D005D9BC4 /* Frameworks */ = {
			isa = PBXGroup;
			children = (
				8A82E7E1204FE67D005D9BC4 /* GoogleMaps.framework */,
				8A82E7E3204FE67D005D9BC4 /* GoogleMapsBase.framework */,
				8A82E7E2204FE67D005D9BC4 /* GoogleMapsCore.framework */,
			);
			name = Frameworks;
			sourceTree = "<group>";
		};
		8A82E7F1204FEC63005D9BC4 /* Fonts */ = {
			isa = PBXGroup;
			children = (
				8A82E7F3204FECB5005D9BC4 /* Proxima-Nova-Regular.ttf */,
				8A82E7F6204FECEA005D9BC4 /* Proxima-Nova-Thin.ttf */,
				8A82E7F2204FECB5005D9BC4 /* Proxima-Nova-Semibold.ttf */,
			);
			path = Fonts;
			sourceTree = "<group>";
		};
		8ADF6321204EC23100665800 = {
			isa = PBXGroup;
			children = (
				8A82E7F1204FEC63005D9BC4 /* Fonts */,
				8ADF63E3204F005B00665800 /* Maps */,
				8ADF632C204EC23200665800 /* ShelterUsers */,
				8ADF6343204EC23200665800 /* ShelterUsersTests */,
				8ADF634E204EC23200665800 /* ShelterUsersUITests */,
				8ADF632B204EC23200665800 /* Products */,
				8A82E7E0204FE67D005D9BC4 /* Frameworks */,
			);
			sourceTree = "<group>";
		};
		8ADF632B204EC23200665800 /* Products */ = {
			isa = PBXGroup;
			children = (
				8ADF632A204EC23200665800 /* ShelterUsers.app */,
				8ADF6340204EC23200665800 /* ShelterUsersTests.xctest */,
				8ADF634B204EC23200665800 /* ShelterUsersUITests.xctest */,
			);
			name = Products;
			sourceTree = "<group>";
		};
		8ADF632C204EC23200665800 /* ShelterUsers */ = {
			isa = PBXGroup;
			children = (
				8A60CBF02050213700C463EB /* Volunteer */,
				8ADF63F4204F0FCA00665800 /* Donate */,
				8ADF63F3204F0FC100665800 /* Profile */,
				8ADF63EC204F0D9200665800 /* Authenticated */,
				8ADF63E6204F011300665800 /* Nearby */,
				8ADF632D204EC23200665800 /* AppDelegate.swift */,
				8ADF6333204EC23200665800 /* Main.storyboard */,
				8ADF6336204EC23200665800 /* Assets.xcassets */,
				8ADF6338204EC23200665800 /* LaunchScreen.storyboard */,
				8ADF633B204EC23200665800 /* Info.plist */,
				8ADF639D204EDE0500665800 /* EntryController.swift */,
				8A82E7F8204FFFC6005D9BC4 /* QuestionViewController.swift */,
			);
			path = ShelterUsers;
			sourceTree = "<group>";
		};
		8ADF6343204EC23200665800 /* ShelterUsersTests */ = {
			isa = PBXGroup;
			children = (
				8ADF6344204EC23200665800 /* ShelterUsersTests.swift */,
				8ADF6346204EC23200665800 /* Info.plist */,
			);
			path = ShelterUsersTests;
			sourceTree = "<group>";
		};
		8ADF634E204EC23200665800 /* ShelterUsersUITests */ = {
			isa = PBXGroup;
			children = (
				8ADF634F204EC23200665800 /* ShelterUsersUITests.swift */,
				8ADF6351204EC23200665800 /* Info.plist */,
			);
			path = ShelterUsersUITests;
			sourceTree = "<group>";
		};
		8ADF63E3204F005B00665800 /* Maps */ = {
			isa = PBXGroup;
			children = (
				8ADF63E4204F006B00665800 /* KFMapsMarker.swift */,
			);
			path = Maps;
			sourceTree = "<group>";
		};
		8ADF63E6204F011300665800 /* Nearby */ = {
			isa = PBXGroup;
			children = (
				8ADF63E9204F014900665800 /* NearbyInfoWindow.xib */,
				8ADF6331204EC23200665800 /* NearbyViewController.swift */,
				8ADF63E7204F013600665800 /* NearbyInfoWindow.swift */,
				8A60CBEC2050178700C463EB /* EventNearbyWindow.xib */,
				8A60CBEE2050182800C463EB /* EventNearbyWindow.swift */,
			);
			path = Nearby;
			sourceTree = "<group>";
		};
		8ADF63EC204F0D9200665800 /* Authenticated */ = {
			isa = PBXGroup;
			children = (
				8ADF639F204EDE5E00665800 /* TabController.swift */,
				8ADF63ED204F0DB200665800 /* Authenticated.storyboard */,
			);
			path = Authenticated;
			sourceTree = "<group>";
		};
		8ADF63F3204F0FC100665800 /* Profile */ = {
			isa = PBXGroup;
			children = (
				8ADF632F204EC23200665800 /* ProfileViewController.swift */,
				8A60CBEA2050074C00C463EB /* Profile.storyboard */,
			);
			path = Profile;
			sourceTree = "<group>";
		};
		8ADF63F4204F0FCA00665800 /* Donate */ = {
			isa = PBXGroup;
			children = (
				8ADF63EF204F0DC400665800 /* Donate.storyboard */,
				8A82E7E7204FE6EC005D9BC4 /* DonateViewController.swift */,
			);
			path = Donate;
			sourceTree = "<group>";
		};
/* End PBXGroup section */

/* Begin PBXNativeTarget section */
		8ADF6329204EC23100665800 /* ShelterUsers */ = {
			isa = PBXNativeTarget;
			buildConfigurationList = 8ADF6354204EC23200665800 /* Build configuration list for PBXNativeTarget "ShelterUsers" */;
			buildPhases = (
				8ADF6326204EC23100665800 /* Sources */,
				8ADF6327204EC23100665800 /* Frameworks */,
				8ADF6328204EC23100665800 /* Resources */,
				8ADF63C5204EEEB000665800 /* Embed Frameworks */,
				8ADF63CB204EEFD300665800 /* Embed PlugIns */,
			);
			buildRules = (
			);
			dependencies = (
			);
			name = ShelterUsers;
			productName = ShelterUsers;
			productReference = 8ADF632A204EC23200665800 /* ShelterUsers.app */;
			productType = "com.apple.product-type.application";
		};
		8ADF633F204EC23200665800 /* ShelterUsersTests */ = {
			isa = PBXNativeTarget;
			buildConfigurationList = 8ADF6357204EC23200665800 /* Build configuration list for PBXNativeTarget "ShelterUsersTests" */;
			buildPhases = (
				8ADF633C204EC23200665800 /* Sources */,
				8ADF633D204EC23200665800 /* Frameworks */,
				8ADF633E204EC23200665800 /* Resources */,
			);
			buildRules = (
			);
			dependencies = (
				8ADF6342204EC23200665800 /* PBXTargetDependency */,
			);
			name = ShelterUsersTests;
			productName = ShelterUsersTests;
			productReference = 8ADF6340204EC23200665800 /* ShelterUsersTests.xctest */;
			productType = "com.apple.product-type.bundle.unit-test";
		};
		8ADF634A204EC23200665800 /* ShelterUsersUITests */ = {
			isa = PBXNativeTarget;
			buildConfigurationList = 8ADF635A204EC23200665800 /* Build configuration list for PBXNativeTarget "ShelterUsersUITests" */;
			buildPhases = (
				8ADF6347204EC23200665800 /* Sources */,
				8ADF6348204EC23200665800 /* Frameworks */,
				8ADF6349204EC23200665800 /* Resources */,
			);
			buildRules = (
			);
			dependencies = (
				8ADF634D204EC23200665800 /* PBXTargetDependency */,
			);
			name = ShelterUsersUITests;
			productName = ShelterUsersUITests;
			productReference = 8ADF634B204EC23200665800 /* ShelterUsersUITests.xctest */;
			productType = "com.apple.product-type.bundle.ui-testing";
		};
/* End PBXNativeTarget section */

/* Begin PBXProject section */
		8ADF6322204EC23100665800 /* Project object */ = {
			isa = PBXProject;
			attributes = {
				LastSwiftUpdateCheck = 0920;
				LastUpgradeCheck = 0920;
				ORGANIZATIONNAME = "Kingfisher digital";
				TargetAttributes = {
					8ADF6329204EC23100665800 = {
						CreatedOnToolsVersion = 9.2;
						ProvisioningStyle = Automatic;
					};
					8ADF633F204EC23200665800 = {
						CreatedOnToolsVersion = 9.2;
						ProvisioningStyle = Automatic;
						TestTargetID = 8ADF6329204EC23100665800;
					};
					8ADF634A204EC23200665800 = {
						CreatedOnToolsVersion = 9.2;
						ProvisioningStyle = Automatic;
						TestTargetID = 8ADF6329204EC23100665800;
					};
				};
			};
			buildConfigurationList = 8ADF6325204EC23100665800 /* Build configuration list for PBXProject "ShelterUsers" */;
			compatibilityVersion = "Xcode 8.0";
			developmentRegion = en;
			hasScannedForEncodings = 0;
			knownRegions = (
				en,
				Base,
			);
			mainGroup = 8ADF6321204EC23100665800;
			productRefGroup = 8ADF632B204EC23200665800 /* Products */;
			projectDirPath = "";
			projectRoot = "";
			targets = (
				8ADF6329204EC23100665800 /* ShelterUsers */,
				8ADF633F204EC23200665800 /* ShelterUsersTests */,
				8ADF634A204EC23200665800 /* ShelterUsersUITests */,
			);
		};
/* End PBXProject section */

/* Begin PBXResourcesBuildPhase section */
		8ADF6328204EC23100665800 /* Resources */ = {
			isa = PBXResourcesBuildPhase;
			buildActionMask = 2147483647;
			files = (
				8ADF63EA204F014900665800 /* NearbyInfoWindow.xib in Resources */,
				8A82E7F4204FECC5005D9BC4 /* Proxima-Nova-Semibold.ttf in Resources */,
				8A60CBEB2050074C00C463EB /* Profile.storyboard in Resources */,
				8ADF633A204EC23200665800 /* LaunchScreen.storyboard in Resources */,
				8A82E7F5204FECC8005D9BC4 /* Proxima-Nova-Regular.ttf in Resources */,
				8ADF63EE204F0DB200665800 /* Authenticated.storyboard in Resources */,
				8A82E7F7204FECEF005D9BC4 /* Proxima-Nova-Thin.ttf in Resources */,
				8ADF6337204EC23200665800 /* Assets.xcassets in Resources */,
				8ADF63F0204F0DC400665800 /* Donate.storyboard in Resources */,
				8A60CBED2050178700C463EB /* EventNearbyWindow.xib in Resources */,
				8ADF6335204EC23200665800 /* Main.storyboard in Resources */,
			);
			runOnlyForDeploymentPostprocessing = 0;
		};
		8ADF633E204EC23200665800 /* Resources */ = {
			isa = PBXResourcesBuildPhase;
			buildActionMask = 2147483647;
			files = (
			);
			runOnlyForDeploymentPostprocessing = 0;
		};
		8ADF6349204EC23200665800 /* Resources */ = {
			isa = PBXResourcesBuildPhase;
			buildActionMask = 2147483647;
			files = (
			);
			runOnlyForDeploymentPostprocessing = 0;
		};
/* End PBXResourcesBuildPhase section */

/* Begin PBXSourcesBuildPhase section */
		8ADF6326204EC23100665800 /* Sources */ = {
			isa = PBXSourcesBuildPhase;
			buildActionMask = 2147483647;
			files = (
				8ADF63A0204EDE5E00665800 /* TabController.swift in Sources */,
				8ADF6332204EC23200665800 /* NearbyViewController.swift in Sources */,
				8ADF63E8204F013600665800 /* NearbyInfoWindow.swift in Sources */,
				8ADF632E204EC23200665800 /* AppDelegate.swift in Sources */,
				8A60CBF22050214F00C463EB /* VolunteerViewCell.swift in Sources */,
				8A60CBEF2050182800C463EB /* EventNearbyWindow.swift in Sources */,
				8ADF639E204EDE0500665800 /* EntryController.swift in Sources */,
				8ADF6330204EC23200665800 /* ProfileViewController.swift in Sources */,
				8A60CBF6205022A900C463EB /* VolunteerViewController.swift in Sources */,
				8ADF63E5204F006B00665800 /* KFMapsMarker.swift in Sources */,
				8A82E7E8204FE6EC005D9BC4 /* DonateViewController.swift in Sources */,
				8A82E7F9204FFFC6005D9BC4 /* QuestionViewController.swift in Sources */,
			);
			runOnlyForDeploymentPostprocessing = 0;
		};
		8ADF633C204EC23200665800 /* Sources */ = {
			isa = PBXSourcesBuildPhase;
			buildActionMask = 2147483647;
			files = (
				8ADF6345204EC23200665800 /* ShelterUsersTests.swift in Sources */,
			);
			runOnlyForDeploymentPostprocessing = 0;
		};
		8ADF6347204EC23200665800 /* Sources */ = {
			isa = PBXSourcesBuildPhase;
			buildActionMask = 2147483647;
			files = (
				8ADF6350204EC23200665800 /* ShelterUsersUITests.swift in Sources */,
			);
			runOnlyForDeploymentPostprocessing = 0;
		};
/* End PBXSourcesBuildPhase section */

/* Begin PBXTargetDependency section */
		8ADF6342204EC23200665800 /* PBXTargetDependency */ = {
			isa = PBXTargetDependency;
			target = 8ADF6329204EC23100665800 /* ShelterUsers */;
			targetProxy = 8ADF6341204EC23200665800 /* PBXContainerItemProxy */;
		};
		8ADF634D204EC23200665800 /* PBXTargetDependency */ = {
			isa = PBXTargetDependency;
			target = 8ADF6329204EC23100665800 /* ShelterUsers */;
			targetProxy = 8ADF634C204EC23200665800 /* PBXContainerItemProxy */;
		};
/* End PBXTargetDependency section */

/* Begin PBXVariantGroup section */
		8ADF6333204EC23200665800 /* Main.storyboard */ = {
			isa = PBXVariantGroup;
			children = (
				8ADF6334204EC23200665800 /* Base */,
			);
			name = Main.storyboard;
			sourceTree = "<group>";
		};
		8ADF6338204EC23200665800 /* LaunchScreen.storyboard */ = {
			isa = PBXVariantGroup;
			children = (
				8ADF6339204EC23200665800 /* Base */,
			);
			name = LaunchScreen.storyboard;
			sourceTree = "<group>";
		};
/* End PBXVariantGroup section */

/* Begin XCBuildConfiguration section */
		8ADF6352204EC23200665800 /* Debug */ = {
			isa = XCBuildConfiguration;
			buildSettings = {
				ALWAYS_SEARCH_USER_PATHS = NO;
				CLANG_ANALYZER_NONNULL = YES;
				CLANG_ANALYZER_NUMBER_OBJECT_CONVERSION = YES_AGGRESSIVE;
				CLANG_CXX_LANGUAGE_STANDARD = "gnu++14";
				CLANG_CXX_LIBRARY = "libc++";
				CLANG_ENABLE_MODULES = YES;
				CLANG_ENABLE_OBJC_ARC = YES;
				CLANG_WARN_BLOCK_CAPTURE_AUTORELEASING = YES;
				CLANG_WARN_BOOL_CONVERSION = YES;
				CLANG_WARN_COMMA = YES;
				CLANG_WARN_CONSTANT_CONVERSION = YES;
				CLANG_WARN_DIRECT_OBJC_ISA_USAGE = YES_ERROR;
				CLANG_WARN_DOCUMENTATION_COMMENTS = YES;
				CLANG_WARN_EMPTY_BODY = YES;
				CLANG_WARN_ENUM_CONVERSION = YES;
				CLANG_WARN_INFINITE_RECURSION = YES;
				CLANG_WARN_INT_CONVERSION = YES;
				CLANG_WARN_NON_LITERAL_NULL_CONVERSION = YES;
				CLANG_WARN_OBJC_LITERAL_CONVERSION = YES;
				CLANG_WARN_OBJC_ROOT_CLASS = YES_ERROR;
				CLANG_WARN_RANGE_LOOP_ANALYSIS = YES;
				CLANG_WARN_STRICT_PROTOTYPES = YES;
				CLANG_WARN_SUSPICIOUS_MOVE = YES;
				CLANG_WARN_UNGUARDED_AVAILABILITY = YES_AGGRESSIVE;
				CLANG_WARN_UNREACHABLE_CODE = YES;
				CLANG_WARN__DUPLICATE_METHOD_MATCH = YES;
				CODE_SIGN_IDENTITY = "iPhone Developer";
				COPY_PHASE_STRIP = NO;
				DEBUG_INFORMATION_FORMAT = dwarf;
				ENABLE_STRICT_OBJC_MSGSEND = YES;
				ENABLE_TESTABILITY = YES;
				GCC_C_LANGUAGE_STANDARD = gnu11;
				GCC_DYNAMIC_NO_PIC = NO;
				GCC_NO_COMMON_BLOCKS = YES;
				GCC_OPTIMIZATION_LEVEL = 0;
				GCC_PREPROCESSOR_DEFINITIONS = (
					"DEBUG=1",
					"$(inherited)",
				);
				GCC_WARN_64_TO_32_BIT_CONVERSION = YES;
				GCC_WARN_ABOUT_RETURN_TYPE = YES_ERROR;
				GCC_WARN_UNDECLARED_SELECTOR = YES;
				GCC_WARN_UNINITIALIZED_AUTOS = YES_AGGRESSIVE;
				GCC_WARN_UNUSED_FUNCTION = YES;
				GCC_WARN_UNUSED_VARIABLE = YES;
				IPHONEOS_DEPLOYMENT_TARGET = 11.2;
				MTL_ENABLE_DEBUG_INFO = YES;
				ONLY_ACTIVE_ARCH = YES;
				SDKROOT = iphoneos;
				SWIFT_ACTIVE_COMPILATION_CONDITIONS = DEBUG;
				SWIFT_OPTIMIZATION_LEVEL = "-Onone";
			};
			name = Debug;
		};
		8ADF6353204EC23200665800 /* Release */ = {
			isa = XCBuildConfiguration;
			buildSettings = {
				ALWAYS_SEARCH_USER_PATHS = NO;
				CLANG_ANALYZER_NONNULL = YES;
				CLANG_ANALYZER_NUMBER_OBJECT_CONVERSION = YES_AGGRESSIVE;
				CLANG_CXX_LANGUAGE_STANDARD = "gnu++14";
				CLANG_CXX_LIBRARY = "libc++";
				CLANG_ENABLE_MODULES = YES;
				CLANG_ENABLE_OBJC_ARC = YES;
				CLANG_WARN_BLOCK_CAPTURE_AUTORELEASING = YES;
				CLANG_WARN_BOOL_CONVERSION = YES;
				CLANG_WARN_COMMA = YES;
				CLANG_WARN_CONSTANT_CONVERSION = YES;
				CLANG_WARN_DIRECT_OBJC_ISA_USAGE = YES_ERROR;
				CLANG_WARN_DOCUMENTATION_COMMENTS = YES;
				CLANG_WARN_EMPTY_BODY = YES;
				CLANG_WARN_ENUM_CONVERSION = YES;
				CLANG_WARN_INFINITE_RECURSION = YES;
				CLANG_WARN_INT_CONVERSION = YES;
				CLANG_WARN_NON_LITERAL_NULL_CONVERSION = YES;
				CLANG_WARN_OBJC_LITERAL_CONVERSION = YES;
				CLANG_WARN_OBJC_ROOT_CLASS = YES_ERROR;
				CLANG_WARN_RANGE_LOOP_ANALYSIS = YES;
				CLANG_WARN_STRICT_PROTOTYPES = YES;
				CLANG_WARN_SUSPICIOUS_MOVE = YES;
				CLANG_WARN_UNGUARDED_AVAILABILITY = YES_AGGRESSIVE;
				CLANG_WARN_UNREACHABLE_CODE = YES;
				CLANG_WARN__DUPLICATE_METHOD_MATCH = YES;
				CODE_SIGN_IDENTITY = "iPhone Developer";
				COPY_PHASE_STRIP = NO;
				DEBUG_INFORMATION_FORMAT = "dwarf-with-dsym";
				ENABLE_NS_ASSERTIONS = NO;
				ENABLE_STRICT_OBJC_MSGSEND = YES;
				GCC_C_LANGUAGE_STANDARD = gnu11;
				GCC_NO_COMMON_BLOCKS = YES;
				GCC_WARN_64_TO_32_BIT_CONVERSION = YES;
				GCC_WARN_ABOUT_RETURN_TYPE = YES_ERROR;
				GCC_WARN_UNDECLARED_SELECTOR = YES;
				GCC_WARN_UNINITIALIZED_AUTOS = YES_AGGRESSIVE;
				GCC_WARN_UNUSED_FUNCTION = YES;
				GCC_WARN_UNUSED_VARIABLE = YES;
				IPHONEOS_DEPLOYMENT_TARGET = 11.2;
				MTL_ENABLE_DEBUG_INFO = NO;
				SDKROOT = iphoneos;
				SWIFT_OPTIMIZATION_LEVEL = "-Owholemodule";
				VALIDATE_PRODUCT = YES;
			};
			name = Release;
		};
		8ADF6355204EC23200665800 /* Debug */ = {
			isa = XCBuildConfiguration;
			buildSettings = {
				ASSETCATALOG_COMPILER_APPICON_NAME = AppIcon;
				ASSETCATALOG_COMPILER_LAUNCHIMAGE_NAME = LaunchImage;
				CODE_SIGN_STYLE = Automatic;
				DEVELOPMENT_TEAM = 44ZUGMC99E;
				FRAMEWORK_SEARCH_PATHS = (
					"$(inherited)",
					"$(PROJECT_DIR)/Carthage/Build/iOS",
					"$(PROJECT_DIR)/Frameworks",
				);
				INFOPLIST_FILE = ShelterUsers/Info.plist;
				LD_RUNPATH_SEARCH_PATHS = "$(inherited) @executable_path/Frameworks";
				PRODUCT_BUNDLE_IDENTIFIER = com.kingfisher.ShelterUsers;
				PRODUCT_NAME = "$(TARGET_NAME)";
				SWIFT_VERSION = 4.0;
				TARGETED_DEVICE_FAMILY = "1,2";
			};
			name = Debug;
		};
		8ADF6356204EC23200665800 /* Release */ = {
			isa = XCBuildConfiguration;
			buildSettings = {
				ASSETCATALOG_COMPILER_APPICON_NAME = AppIcon;
				ASSETCATALOG_COMPILER_LAUNCHIMAGE_NAME = LaunchImage;
				CODE_SIGN_STYLE = Automatic;
				DEVELOPMENT_TEAM = 44ZUGMC99E;
				FRAMEWORK_SEARCH_PATHS = (
					"$(inherited)",
					"$(PROJECT_DIR)/Carthage/Build/iOS",
					"$(PROJECT_DIR)/Frameworks",
				);
				INFOPLIST_FILE = ShelterUsers/Info.plist;
				LD_RUNPATH_SEARCH_PATHS = "$(inherited) @executable_path/Frameworks";
				PRODUCT_BUNDLE_IDENTIFIER = com.kingfisher.ShelterUsers;
				PRODUCT_NAME = "$(TARGET_NAME)";
				SWIFT_VERSION = 4.0;
				TARGETED_DEVICE_FAMILY = "1,2";
			};
			name = Release;
		};
		8ADF6358204EC23200665800 /* Debug */ = {
			isa = XCBuildConfiguration;
			buildSettings = {
				ALWAYS_EMBED_SWIFT_STANDARD_LIBRARIES = YES;
				BUNDLE_LOADER = "$(TEST_HOST)";
				CODE_SIGN_STYLE = Automatic;
				DEVELOPMENT_TEAM = 44ZUGMC99E;
				INFOPLIST_FILE = ShelterUsersTests/Info.plist;
				LD_RUNPATH_SEARCH_PATHS = "$(inherited) @executable_path/Frameworks @loader_path/Frameworks";
				PRODUCT_BUNDLE_IDENTIFIER = com.kingfisher.ShelterUsersTests;
				PRODUCT_NAME = "$(TARGET_NAME)";
				SWIFT_VERSION = 4.0;
				TARGETED_DEVICE_FAMILY = "1,2";
				TEST_HOST = "$(BUILT_PRODUCTS_DIR)/ShelterUsers.app/ShelterUsers";
			};
			name = Debug;
		};
		8ADF6359204EC23200665800 /* Release */ = {
			isa = XCBuildConfiguration;
			buildSettings = {
				ALWAYS_EMBED_SWIFT_STANDARD_LIBRARIES = YES;
				BUNDLE_LOADER = "$(TEST_HOST)";
				CODE_SIGN_STYLE = Automatic;
				DEVELOPMENT_TEAM = 44ZUGMC99E;
				INFOPLIST_FILE = ShelterUsersTests/Info.plist;
				LD_RUNPATH_SEARCH_PATHS = "$(inherited) @executable_path/Frameworks @loader_path/Frameworks";
				PRODUCT_BUNDLE_IDENTIFIER = com.kingfisher.ShelterUsersTests;
				PRODUCT_NAME = "$(TARGET_NAME)";
				SWIFT_VERSION = 4.0;
				TARGETED_DEVICE_FAMILY = "1,2";
				TEST_HOST = "$(BUILT_PRODUCTS_DIR)/ShelterUsers.app/ShelterUsers";
			};
			name = Release;
		};
		8ADF635B204EC23200665800 /* Debug */ = {
			isa = XCBuildConfiguration;
			buildSettings = {
				ALWAYS_EMBED_SWIFT_STANDARD_LIBRARIES = YES;
				CODE_SIGN_STYLE = Automatic;
				DEVELOPMENT_TEAM = 44ZUGMC99E;
				INFOPLIST_FILE = ShelterUsersUITests/Info.plist;
				LD_RUNPATH_SEARCH_PATHS = "$(inherited) @executable_path/Frameworks @loader_path/Frameworks";
				PRODUCT_BUNDLE_IDENTIFIER = com.kingfisher.ShelterUsersUITests;
				PRODUCT_NAME = "$(TARGET_NAME)";
				SWIFT_VERSION = 4.0;
				TARGETED_DEVICE_FAMILY = "1,2";
				TEST_TARGET_NAME = ShelterUsers;
			};
			name = Debug;
		};
		8ADF635C204EC23200665800 /* Release */ = {
			isa = XCBuildConfiguration;
			buildSettings = {
				ALWAYS_EMBED_SWIFT_STANDARD_LIBRARIES = YES;
				CODE_SIGN_STYLE = Automatic;
				DEVELOPMENT_TEAM = 44ZUGMC99E;
				INFOPLIST_FILE = ShelterUsersUITests/Info.plist;
				LD_RUNPATH_SEARCH_PATHS = "$(inherited) @executable_path/Frameworks @loader_path/Frameworks";
				PRODUCT_BUNDLE_IDENTIFIER = com.kingfisher.ShelterUsersUITests;
				PRODUCT_NAME = "$(TARGET_NAME)";
				SWIFT_VERSION = 4.0;
				TARGETED_DEVICE_FAMILY = "1,2";
				TEST_TARGET_NAME = ShelterUsers;
			};
			name = Release;
		};
/* End XCBuildConfiguration section */

/* Begin XCConfigurationList section */
		8ADF6325204EC23100665800 /* Build configuration list for PBXProject "ShelterUsers" */ = {
			isa = XCConfigurationList;
			buildConfigurations = (
				8ADF6352204EC23200665800 /* Debug */,
				8ADF6353204EC23200665800 /* Release */,
			);
			defaultConfigurationIsVisible = 0;
			defaultConfigurationName = Release;
		};
		8ADF6354204EC23200665800 /* Build configuration list for PBXNativeTarget "ShelterUsers" */ = {
			isa = XCConfigurationList;
			buildConfigurations = (
				8ADF6355204EC23200665800 /* Debug */,
				8ADF6356204EC23200665800 /* Release */,
			);
			defaultConfigurationIsVisible = 0;
			defaultConfigurationName = Release;
		};
		8ADF6357204EC23200665800 /* Build configuration list for PBXNativeTarget "ShelterUsersTests" */ = {
			isa = XCConfigurationList;
			buildConfigurations = (
				8ADF6358204EC23200665800 /* Debug */,
				8ADF6359204EC23200665800 /* Release */,
			);
			defaultConfigurationIsVisible = 0;
			defaultConfigurationName = Release;
		};
		8ADF635A204EC23200665800 /* Build configuration list for PBXNativeTarget "ShelterUsersUITests" */ = {
			isa = XCConfigurationList;
			buildConfigurations = (
				8ADF635B204EC23200665800 /* Debug */,
				8ADF635C204EC23200665800 /* Release */,
			);
			defaultConfigurationIsVisible = 0;
			defaultConfigurationName = Release;
		};
/* End XCConfigurationList section */
	};
	rootObject = 8ADF6322204EC23100665800 /* Project object */;
}
